
Microsoft Visual Studio Solution File, Format Version 12.00
# Visual Studio Version 17
VisualStudioVersion = 17.5.2.0
MinimumVisualStudioVersion = 10.0.40219.1
Project("{FAE04EC0-301F-11D3-BF4B-00C04F79EFBC}") = "Task0", "Task0.csproj", "{9FBE1A11-40F9-346B-DE4F-EFDD1DAA6262}"
EndProject
Project("{FAE04EC0-301F-11D3-BF4B-00C04F79EFBC}") = "Task1", "..\Task1\Task1.csproj", "{8C75E428-A636-454E-9E56-AA8E17337E05}"
EndProject
Global
	GlobalSection(SolutionConfigurationPlatforms) = preSolution
		Debug|Any CPU = Debug|Any CPU
		Debug|x64 = Debug|x64
		Debug|x86 = Debug|x86
		Release|Any CPU = Release|Any CPU
		Release|x64 = Release|x64
		Release|x86 = Release|x86
	EndGlobalSection
	GlobalSection(ProjectConfigurationPlatforms) = postSolution
		{9FBE1A11-40F9-346B-DE4F-EFDD1DAA6262}.Debug|Any CPU.ActiveCfg = Debug|Any CPU
		{9FBE1A11-40F9-346B-DE4F-EFDD1DAA6262}.Debug|Any CPU.Build.0 = Debug|Any CPU
		{9FBE1A11-40F9-346B-DE4F-EFDD1DAA6262}.Debug|x64.ActiveCfg = Debug|Any CPU
		{9FBE1A11-40F9-346B-DE4F-EFDD1DAA6262}.Debug|x64.Build.0 = Debug|Any CPU
		{9FBE1A11-40F9-346B-DE4F-EFDD1DAA6262}.Debug|x86.ActiveCfg = Debug|Any CPU
		{9FBE1A11-40F9-346B-DE4F-EFDD1DAA6262}.Debug|x86.Build.0 = Debug|Any CPU
		{9FBE1A11-40F9-346B-DE4F-EFDD1DAA6262}.Release|Any CPU.ActiveCfg = Release|Any CPU
		{9FBE1A11-40F9-346B-DE4F-EFDD1DAA6262}.Release|Any CPU.Build.0 = Release|Any CPU
		{9FBE1A11-40F9-346B-DE4F-EFDD1DAA6262}.Release|x64.ActiveCfg = Release|Any CPU
		{9FBE1A11-40F9-346B-DE4F-EFDD1DAA6262}.Release|x64.Build.0 = Release|Any CPU
		{9FBE1A11-40F9-346B-DE4F-EFDD1DAA6262}.Release|x86.ActiveCfg = Release|Any CPU
		{9FBE1A11-40F9-346B-DE4F-EFDD1DAA6262}.Release|x86.Build.0 = Release|Any CPU
		{8C75E428-A636-454E-9E56-AA8E17337E05}.Debug|Any CPU.ActiveCfg = Debug|Any CPU
		{8C75E428-A636-454E-9E56-AA8E17337E05}.Debug|Any CPU.Build.0 = Debug|Any CPU
		{8C75E428-A636-454E-9E56-AA8E17337E05}.Debug|x64.ActiveCfg = Debug|Any CPU
		{8C75E428-A636-454E-9E56-AA8E17337E05}.Debug|x64.Build.0 = Debug|Any CPU
		{8C75E428-A636-454E-9E56-AA8E17337E05}.Debug|x86.ActiveCfg = Debug|Any CPU
		{8C75E428-A636-454E-9E56-AA8E17337E05}.Debug|x86.Build.0 = Debug|Any CPU
		{8C75E428-A636-454E-9E56-AA8E17337E05}.Release|Any CPU.ActiveCfg = Release|Any CPU
		{8C75E428-A636-454E-9E56-AA8E17337E05}.Release|Any CPU.Build.0 = Release|Any CPU
		{8C75E428-A636-454E-9E56-AA8E17337E05}.Release|x64.ActiveCfg = Release|Any CPU
		{8C75E428-A636-454E-9E56-AA8E17337E05}.Release|x64.Build.0 = Release|Any CPU
		{8C75E428-A636-454E-9E56-AA8E17337E05}.Release|x86.ActiveCfg = Release|Any CPU
		{8C75E428-A636-454E-9E56-AA8E17337E05}.Release|x86.Build.0 = Release|Any CPU
	EndGlobalSection
	GlobalSection(SolutionProperties) = preSolution
		HideSolutionNode = FALSE
	EndGlobalSection
	GlobalSection(ExtensibilityGlobals) = postSolution
		SolutionGuid = {92C6D6C2-8AC2-41F6-BB3E-7A8B72332252}
	EndGlobalSection
EndGlobal
